
Microsoft Visual Studio Solution File, Format Version 12.00
# Visual Studio Version 16
VisualStudioVersion = 16.0.810.17
MinimumVisualStudioVersion = 10.0.40219.1
Project("{FAE04EC0-301F-11D3-BF4B-00C04F79EFBC}") = "Diploma.Android", "Diploma.Android\Diploma.Android.csproj", "{0E5E4FD5-7CDE-4CC6-971E-692D727F333A}"
EndProject
Project("{FAE04EC0-301F-11D3-BF4B-00C04F79EFBC}") = "Diploma.iOS", "Diploma.iOS\Diploma.iOS.csproj", "{392D0D6C-CEE0-4231-A215-1FBE4BFEBDE5}"
EndProject
Project("{FAE04EC0-301F-11D3-BF4B-00C04F79EFBC}") = "Diploma", "Diploma\Diploma.csproj", "{7C683ADD-5C07-4D46-AAF6-3A93E6C9DAA1}"
EndProject
Global
	GlobalSection(SolutionConfigurationPlatforms) = preSolution
		Debug|Any CPU = Debug|Any CPU
		Release|Any CPU = Release|Any CPU
		Debug|iPhoneSimulator = Debug|iPhoneSimulator
		Release|iPhoneSimulator = Release|iPhoneSimulator
		Debug|iPhone = Debug|iPhone
		Release|iPhone = Release|iPhone
	EndGlobalSection
	GlobalSection(ProjectConfigurationPlatforms) = postSolution
		{0E5E4FD5-7CDE-4CC6-971E-692D727F333A}.Debug|Any CPU.ActiveCfg = Debug|Any CPU
		{0E5E4FD5-7CDE-4CC6-971E-692D727F333A}.Debug|Any CPU.Build.0 = Debug|Any CPU
		{0E5E4FD5-7CDE-4CC6-971E-692D727F333A}.Release|Any CPU.ActiveCfg = Release|Any CPU
		{0E5E4FD5-7CDE-4CC6-971E-692D727F333A}.Release|Any CPU.Build.0 = Release|Any CPU
		{0E5E4FD5-7CDE-4CC6-971E-692D727F333A}.Debug|iPhoneSimulator.ActiveCfg = Debug|Any CPU
		{0E5E4FD5-7CDE-4CC6-971E-692D727F333A}.Debug|iPhoneSimulator.Build.0 = Debug|Any CPU
		{0E5E4FD5-7CDE-4CC6-971E-692D727F333A}.Release|iPhoneSimulator.ActiveCfg = Release|Any CPU
		{0E5E4FD5-7CDE-4CC6-971E-692D727F333A}.Release|iPhoneSimulator.Build.0 = Release|Any CPU
		{0E5E4FD5-7CDE-4CC6-971E-692D727F333A}.Debug|iPhone.ActiveCfg = Debug|Any CPU
		{0E5E4FD5-7CDE-4CC6-971E-692D727F333A}.Debug|iPhone.Build.0 = Debug|Any CPU
		{0E5E4FD5-7CDE-4CC6-971E-692D727F333A}.Release|iPhone.ActiveCfg = Release|Any CPU
		{0E5E4FD5-7CDE-4CC6-971E-692D727F333A}.Release|iPhone.Build.0 = Release|Any CPU
		{392D0D6C-CEE0-4231-A215-1FBE4BFEBDE5}.Debug|Any CPU.ActiveCfg = Debug|iPhoneSimulator
		{392D0D6C-CEE0-4231-A215-1FBE4BFEBDE5}.Debug|Any CPU.Build.0 = Debug|iPhoneSimulator
		{392D0D6C-CEE0-4231-A215-1FBE4BFEBDE5}.Release|Any CPU.ActiveCfg = Release|iPhoneSimulator
		{392D0D6C-CEE0-4231-A215-1FBE4BFEBDE5}.Release|Any CPU.Build.0 = Release|iPhoneSimulator
		{392D0D6C-CEE0-4231-A215-1FBE4BFEBDE5}.Debug|iPhoneSimulator.ActiveCfg = Debug|iPhoneSimulator
		{392D0D6C-CEE0-4231-A215-1FBE4BFEBDE5}.Debug|iPhoneSimulator.Build.0 = Debug|iPhoneSimulator
		{392D0D6C-CEE0-4231-A215-1FBE4BFEBDE5}.Release|iPhoneSimulator.ActiveCfg = Release|iPhoneSimulator
		{392D0D6C-CEE0-4231-A215-1FBE4BFEBDE5}.Release|iPhoneSimulator.Build.0 = Release|iPhoneSimulator
		{392D0D6C-CEE0-4231-A215-1FBE4BFEBDE5}.Debug|iPhone.ActiveCfg = Debug|iPhone
		{392D0D6C-CEE0-4231-A215-1FBE4BFEBDE5}.Debug|iPhone.Build.0 = Debug|iPhone
		{392D0D6C-CEE0-4231-A215-1FBE4BFEBDE5}.Release|iPhone.ActiveCfg = Release|iPhone
		{392D0D6C-CEE0-4231-A215-1FBE4BFEBDE5}.Release|iPhone.Build.0 = Release|iPhone
		{7C683ADD-5C07-4D46-AAF6-3A93E6C9DAA1}.Debug|Any CPU.ActiveCfg = Debug|Any CPU
		{7C683ADD-5C07-4D46-AAF6-3A93E6C9DAA1}.Debug|Any CPU.Build.0 = Debug|Any CPU
		{7C683ADD-5C07-4D46-AAF6-3A93E6C9DAA1}.Release|Any CPU.ActiveCfg = Release|Any CPU
		{7C683ADD-5C07-4D46-AAF6-3A93E6C9DAA1}.Release|Any CPU.Build.0 = Release|Any CPU
		{7C683ADD-5C07-4D46-AAF6-3A93E6C9DAA1}.Debug|iPhoneSimulator.ActiveCfg = Debug|Any CPU
		{7C683ADD-5C07-4D46-AAF6-3A93E6C9DAA1}.Debug|iPhoneSimulator.Build.0 = Debug|Any CPU
		{7C683ADD-5C07-4D46-AAF6-3A93E6C9DAA1}.Release|iPhoneSimulator.ActiveCfg = Release|Any CPU
		{7C683ADD-5C07-4D46-AAF6-3A93E6C9DAA1}.Release|iPhoneSimulator.Build.0 = Release|Any CPU
		{7C683ADD-5C07-4D46-AAF6-3A93E6C9DAA1}.Debug|iPhone.ActiveCfg = Debug|Any CPU
		{7C683ADD-5C07-4D46-AAF6-3A93E6C9DAA1}.Debug|iPhone.Build.0 = Debug|Any CPU
		{7C683ADD-5C07-4D46-AAF6-3A93E6C9DAA1}.Release|iPhone.ActiveCfg = Release|Any CPU
		{7C683ADD-5C07-4D46-AAF6-3A93E6C9DAA1}.Release|iPhone.Build.0 = Release|Any CPU
	EndGlobalSection
	GlobalSection(SolutionProperties) = preSolution
		HideSolutionNode = FALSE
	EndGlobalSection
	GlobalSection(ExtensibilityGlobals) = postSolution
		SolutionGuid = {1640A89E-DD57-48C9-A99E-048E5B2B869B}
	EndGlobalSection
EndGlobal
